
Microsoft Visual Studio Solution File, Format Version 12.00
# Visual Studio Version 16
VisualStudioVersion = 16.0.29209.62
MinimumVisualStudioVersion = 10.0.40219.1
Project("{FAE04EC0-301F-11D3-BF4B-00C04F79EFBC}") = "MenuLoop", "MenuLoop\MenuLoop.csproj", "{746D4113-AE0E-427C-B2D2-C76CB4F89637}"
EndProject
Project("{FAE04EC0-301F-11D3-BF4B-00C04F79EFBC}") = "NestedLoop", "NestedLoop\NestedLoop.csproj", "{A22E8893-CA18-4AD2-94A1-9F59EFBC23C4}"
EndProject
Global
	GlobalSection(SolutionConfigurationPlatforms) = preSolution
		Debug|Any CPU = Debug|Any CPU
		Release|Any CPU = Release|Any CPU
	EndGlobalSection
	GlobalSection(ProjectConfigurationPlatforms) = postSolution
		{746D4113-AE0E-427C-B2D2-C76CB4F89637}.Debug|Any CPU.ActiveCfg = Debug|Any CPU
		{746D4113-AE0E-427C-B2D2-C76CB4F89637}.Debug|Any CPU.Build.0 = Debug|Any CPU
		{746D4113-AE0E-427C-B2D2-C76CB4F89637}.Release|Any CPU.ActiveCfg = Release|Any CPU
		{746D4113-AE0E-427C-B2D2-C76CB4F89637}.Release|Any CPU.Build.0 = Release|Any CPU
		{A22E8893-CA18-4AD2-94A1-9F59EFBC23C4}.Debug|Any CPU.ActiveCfg = Debug|Any CPU
		{A22E8893-CA18-4AD2-94A1-9F59EFBC23C4}.Debug|Any CPU.Build.0 = Debug|Any CPU
		{A22E8893-CA18-4AD2-94A1-9F59EFBC23C4}.Release|Any CPU.ActiveCfg = Release|Any CPU
		{A22E8893-CA18-4AD2-94A1-9F59EFBC23C4}.Release|Any CPU.Build.0 = Release|Any CPU
	EndGlobalSection
	GlobalSection(SolutionProperties) = preSolution
		HideSolutionNode = FALSE
	EndGlobalSection
	GlobalSection(ExtensibilityGlobals) = postSolution
		SolutionGuid = {B7872398-0713-4111-A247-12EAC2946D22}
	EndGlobalSection
EndGlobal
