
Microsoft Visual Studio Solution File, Format Version 12.00
# Visual Studio Version 16
VisualStudioVersion = 16.0.29209.62
MinimumVisualStudioVersion = 10.0.40219.1
Project("{FAE04EC0-301F-11D3-BF4B-00C04F79EFBC}") = "InOut", "InOut\InOut.csproj", "{5B76C2A7-4A92-403F-8CA8-F7D3686B94D3}"
EndProject
Global
	GlobalSection(SolutionConfigurationPlatforms) = preSolution
		Debug|Any CPU = Debug|Any CPU
		Release|Any CPU = Release|Any CPU
	EndGlobalSection
	GlobalSection(ProjectConfigurationPlatforms) = postSolution
		{5B76C2A7-4A92-403F-8CA8-F7D3686B94D3}.Debug|Any CPU.ActiveCfg = Debug|Any CPU
		{5B76C2A7-4A92-403F-8CA8-F7D3686B94D3}.Debug|Any CPU.Build.0 = Debug|Any CPU
		{5B76C2A7-4A92-403F-8CA8-F7D3686B94D3}.Release|Any CPU.ActiveCfg = Release|Any CPU
		{5B76C2A7-4A92-403F-8CA8-F7D3686B94D3}.Release|Any CPU.Build.0 = Release|Any CPU
	EndGlobalSection
	GlobalSection(SolutionProperties) = preSolution
		HideSolutionNode = FALSE
	EndGlobalSection
	GlobalSection(ExtensibilityGlobals) = postSolution
		SolutionGuid = {E4818E12-F085-44DF-8A5F-A6F55BE58893}
	EndGlobalSection
EndGlobal
